
Microsoft Visual Studio Solution File, Format Version 12.00
# Visual Studio Version 17
VisualStudioVersion = 17.4.33205.214
MinimumVisualStudioVersion = 10.0.40219.1
Project("{FAE04EC0-301F-11D3-BF4B-00C04F79EFBC}") = "BRS.FCC.FileCreator", "BRS.FCC.FileCreator\BRS.FCC.FileCreator.csproj", "{812CEF11-EAD3-42AF-BF56-C86F133F70ED}"
EndProject
Global
	GlobalSection(SolutionConfigurationPlatforms) = preSolution
		Debug|Any CPU = Debug|Any CPU
		Release|Any CPU = Release|Any CPU
	EndGlobalSection
	GlobalSection(ProjectConfigurationPlatforms) = postSolution
		{812CEF11-EAD3-42AF-BF56-C86F133F70ED}.Debug|Any CPU.ActiveCfg = Debug|Any CPU
		{812CEF11-EAD3-42AF-BF56-C86F133F70ED}.Debug|Any CPU.Build.0 = Debug|Any CPU
		{812CEF11-EAD3-42AF-BF56-C86F133F70ED}.Release|Any CPU.ActiveCfg = Release|Any CPU
		{812CEF11-EAD3-42AF-BF56-C86F133F70ED}.Release|Any CPU.Build.0 = Release|Any CPU
	EndGlobalSection
	GlobalSection(SolutionProperties) = preSolution
		HideSolutionNode = FALSE
	EndGlobalSection
	GlobalSection(ExtensibilityGlobals) = postSolution
		SolutionGuid = {D60F5E94-021D-455E-90F4-29B1136CD6F0}
	EndGlobalSection
EndGlobal
